
Microsoft Visual Studio Solution File, Format Version 12.00
# Visual Studio Version 17
VisualStudioVersion = 17.9.34616.47
MinimumVisualStudioVersion = 10.0.40219.1
Project("{9A19103F-16F7-4668-BE54-9A1E7A4F7556}") = "CrudOperations", "CrudOperations.csproj", "{2973709D-53CD-4187-B4AB-4919AC4AB59F}"
EndProject
Global
	GlobalSection(SolutionConfigurationPlatforms) = preSolution
		Debug|Any CPU = Debug|Any CPU
		Release|Any CPU = Release|Any CPU
	EndGlobalSection
	GlobalSection(ProjectConfigurationPlatforms) = postSolution
		{2973709D-53CD-4187-B4AB-4919AC4AB59F}.Debug|Any CPU.ActiveCfg = Debug|Any CPU
		{2973709D-53CD-4187-B4AB-4919AC4AB59F}.Debug|Any CPU.Build.0 = Debug|Any CPU
		{2973709D-53CD-4187-B4AB-4919AC4AB59F}.Release|Any CPU.ActiveCfg = Release|Any CPU
		{2973709D-53CD-4187-B4AB-4919AC4AB59F}.Release|Any CPU.Build.0 = Release|Any CPU
	EndGlobalSection
	GlobalSection(SolutionProperties) = preSolution
		HideSolutionNode = FALSE
	EndGlobalSection
	GlobalSection(ExtensibilityGlobals) = postSolution
		SolutionGuid = {F78C083A-E5CA-474F-87E2-7D8FF9C5ACA1}
	EndGlobalSection
EndGlobal
